
Microsoft Visual Studio Solution File, Format Version 12.00
# Visual Studio 16
Project("{8BC9CEB8-8B4A-11D0-8D11-00A0C91BC942}") = "Basic", "Basic\Basic.vcxproj", "{4779E00C-B38D-08BE-7C0F-AC1DE8E204EF}"
EndProject
Project("{8BC9CEB8-8B4A-11D0-8D11-00A0C91BC942}") = "GLFW", "ThirdParty\GLFW\GLFW.vcxproj", "{154B857C-0182-860D-AA6E-6C109684020F}"
EndProject
Project("{8BC9CEB8-8B4A-11D0-8D11-00A0C91BC942}") = "Glad", "ThirdParty\Glad\Glad.vcxproj", "{BDD6857C-A90D-870D-52FA-6C103E10030F}"
EndProject
Project("{8BC9CEB8-8B4A-11D0-8D11-00A0C91BC942}") = "Subroutines", "Subroutines\Subroutines.vcxproj", "{88671B48-F41C-943D-7D11-8E14E9C58A41}"
EndProject
Project("{8BC9CEB8-8B4A-11D0-8D11-00A0C91BC942}") = "Test", "Test\Test.vcxproj", "{45DC8C7C-3113-8E0D-DAFF-7310C6150A0F}"
EndProject
Global
	GlobalSection(SolutionConfigurationPlatforms) = preSolution
		Dubug|x64 = Dubug|x64
		Release|x64 = Release|x64
	EndGlobalSection
	GlobalSection(ProjectConfigurationPlatforms) = postSolution
		{4779E00C-B38D-08BE-7C0F-AC1DE8E204EF}.Dubug|x64.ActiveCfg = Dubug|x64
		{4779E00C-B38D-08BE-7C0F-AC1DE8E204EF}.Dubug|x64.Build.0 = Dubug|x64
		{4779E00C-B38D-08BE-7C0F-AC1DE8E204EF}.Release|x64.ActiveCfg = Release|x64
		{4779E00C-B38D-08BE-7C0F-AC1DE8E204EF}.Release|x64.Build.0 = Release|x64
		{154B857C-0182-860D-AA6E-6C109684020F}.Dubug|x64.ActiveCfg = Dubug|x64
		{154B857C-0182-860D-AA6E-6C109684020F}.Dubug|x64.Build.0 = Dubug|x64
		{154B857C-0182-860D-AA6E-6C109684020F}.Release|x64.ActiveCfg = Release|x64
		{154B857C-0182-860D-AA6E-6C109684020F}.Release|x64.Build.0 = Release|x64
		{BDD6857C-A90D-870D-52FA-6C103E10030F}.Dubug|x64.ActiveCfg = Dubug|x64
		{BDD6857C-A90D-870D-52FA-6C103E10030F}.Dubug|x64.Build.0 = Dubug|x64
		{BDD6857C-A90D-870D-52FA-6C103E10030F}.Release|x64.ActiveCfg = Release|x64
		{BDD6857C-A90D-870D-52FA-6C103E10030F}.Release|x64.Build.0 = Release|x64
		{88671B48-F41C-943D-7D11-8E14E9C58A41}.Dubug|x64.ActiveCfg = Dubug|x64
		{88671B48-F41C-943D-7D11-8E14E9C58A41}.Dubug|x64.Build.0 = Dubug|x64
		{88671B48-F41C-943D-7D11-8E14E9C58A41}.Release|x64.ActiveCfg = Release|x64
		{88671B48-F41C-943D-7D11-8E14E9C58A41}.Release|x64.Build.0 = Release|x64
		{45DC8C7C-3113-8E0D-DAFF-7310C6150A0F}.Dubug|x64.ActiveCfg = Dubug|x64
		{45DC8C7C-3113-8E0D-DAFF-7310C6150A0F}.Dubug|x64.Build.0 = Dubug|x64
		{45DC8C7C-3113-8E0D-DAFF-7310C6150A0F}.Release|x64.ActiveCfg = Release|x64
		{45DC8C7C-3113-8E0D-DAFF-7310C6150A0F}.Release|x64.Build.0 = Release|x64
	EndGlobalSection
	GlobalSection(SolutionProperties) = preSolution
		HideSolutionNode = FALSE
	EndGlobalSection
EndGlobal
